
Microsoft Visual Studio Solution File, Format Version 12.00
# Visual Studio Version 17
VisualStudioVersion = 17.13.35919.96
MinimumVisualStudioVersion = 10.0.40219.1
Project("{FAE04EC0-301F-11D3-BF4B-00C04F79EFBC}") = "PollApp", "PollApp\PollApp.csproj", "{594EB6EB-B611-498D-B2A2-0EF0F426DEE0}"
EndProject
Global
	GlobalSection(SolutionConfigurationPlatforms) = preSolution
		Debug|Any CPU = Debug|Any CPU
		Release|Any CPU = Release|Any CPU
	EndGlobalSection
	GlobalSection(ProjectConfigurationPlatforms) = postSolution
		{594EB6EB-B611-498D-B2A2-0EF0F426DEE0}.Debug|Any CPU.ActiveCfg = Debug|Any CPU
		{594EB6EB-B611-498D-B2A2-0EF0F426DEE0}.Debug|Any CPU.Build.0 = Debug|Any CPU
		{594EB6EB-B611-498D-B2A2-0EF0F426DEE0}.Release|Any CPU.ActiveCfg = Release|Any CPU
		{594EB6EB-B611-498D-B2A2-0EF0F426DEE0}.Release|Any CPU.Build.0 = Release|Any CPU
	EndGlobalSection
	GlobalSection(SolutionProperties) = preSolution
		HideSolutionNode = FALSE
	EndGlobalSection
	GlobalSection(ExtensibilityGlobals) = postSolution
		SolutionGuid = {47BACBAF-F1F0-494D-9123-0E25F123C4C2}
	EndGlobalSection
EndGlobal
